
Microsoft Visual Studio Solution File, Format Version 12.00
# Visual Studio Version 17
VisualStudioVersion = 17.0.31903.59
MinimumVisualStudioVersion = 10.0.40219.1
Project("{2150E333-8FDC-42A3-9474-1A3956D46DE8}") = "src", "src", "{98B38DB1-3688-4605-9403-394450ECD9A9}"
EndProject
Project("{FAE04EC0-301F-11D3-BF4B-00C04F79EFBC}") = "FridaDesk.App", "src\FridaDesk.App\FridaDesk.App.csproj", "{9D77638E-6B04-4359-9858-796665D97B80}"
EndProject
Project("{FAE04EC0-301F-11D3-BF4B-00C04F79EFBC}") = "FridaDesk.UI", "src\FridaDesk.UI\FridaDesk.UI.csproj", "{4166CDAF-BCA7-4D04-81A0-F8C1B801205F}"
EndProject
Project("{FAE04EC0-301F-11D3-BF4B-00C04F79EFBC}") = "FridaDesk.Mock", "src\FridaDesk.Mock\FridaDesk.Mock.csproj", "{5ED4FA71-2385-4258-A171-B097A6CA063E}"
EndProject
Global
	GlobalSection(SolutionConfigurationPlatforms) = preSolution
		Debug|Any CPU = Debug|Any CPU
		Release|Any CPU = Release|Any CPU
	EndGlobalSection
	GlobalSection(SolutionProperties) = preSolution
		HideSolutionNode = FALSE
	EndGlobalSection
	GlobalSection(ProjectConfigurationPlatforms) = postSolution
		{9D77638E-6B04-4359-9858-796665D97B80}.Debug|Any CPU.ActiveCfg = Debug|Any CPU
		{9D77638E-6B04-4359-9858-796665D97B80}.Debug|Any CPU.Build.0 = Debug|Any CPU
		{9D77638E-6B04-4359-9858-796665D97B80}.Release|Any CPU.ActiveCfg = Release|Any CPU
		{9D77638E-6B04-4359-9858-796665D97B80}.Release|Any CPU.Build.0 = Release|Any CPU
		{4166CDAF-BCA7-4D04-81A0-F8C1B801205F}.Debug|Any CPU.ActiveCfg = Debug|Any CPU
		{4166CDAF-BCA7-4D04-81A0-F8C1B801205F}.Debug|Any CPU.Build.0 = Debug|Any CPU
		{4166CDAF-BCA7-4D04-81A0-F8C1B801205F}.Release|Any CPU.ActiveCfg = Release|Any CPU
		{4166CDAF-BCA7-4D04-81A0-F8C1B801205F}.Release|Any CPU.Build.0 = Release|Any CPU
		{5ED4FA71-2385-4258-A171-B097A6CA063E}.Debug|Any CPU.ActiveCfg = Debug|Any CPU
		{5ED4FA71-2385-4258-A171-B097A6CA063E}.Debug|Any CPU.Build.0 = Debug|Any CPU
		{5ED4FA71-2385-4258-A171-B097A6CA063E}.Release|Any CPU.ActiveCfg = Release|Any CPU
		{5ED4FA71-2385-4258-A171-B097A6CA063E}.Release|Any CPU.Build.0 = Release|Any CPU
	EndGlobalSection
	GlobalSection(NestedProjects) = preSolution
		{9D77638E-6B04-4359-9858-796665D97B80} = {98B38DB1-3688-4605-9403-394450ECD9A9}
		{4166CDAF-BCA7-4D04-81A0-F8C1B801205F} = {98B38DB1-3688-4605-9403-394450ECD9A9}
		{5ED4FA71-2385-4258-A171-B097A6CA063E} = {98B38DB1-3688-4605-9403-394450ECD9A9}
	EndGlobalSection
EndGlobal
